// !$*UTF8*$!
{
	archiveVersion = 1;
	classes = {
	};
	objectVersion = 46;
	objects = {

/* Begin PBXBuildFile section */
		1B09C3D91DA2B69600E76783 /* AppDelegate.swift in Sources */ = {isa = PBXBuildFile; fileRef = 1B09C3D81DA2B69600E76783 /* AppDelegate.swift */; };
		1B09C3DB1DA2B69600E76783 /* ViewController.swift in Sources */ = {isa = PBXBuildFile; fileRef = 1B09C3DA1DA2B69600E76783 /* ViewController.swift */; };
		1B09C3DE1DA2B69600E76783 /* Main.storyboard in Resources */ = {isa = PBXBuildFile; fileRef = 1B09C3DC1DA2B69600E76783 /* Main.storyboard */; };
		1B09C3E01DA2B69600E76783 /* Assets.xcassets in Resources */ = {isa = PBXBuildFile; fileRef = 1B09C3DF1DA2B69600E76783 /* Assets.xcassets */; };
		1B09C3E31DA2B69600E76783 /* LaunchScreen.storyboard in Resources */ = {isa = PBXBuildFile; fileRef = 1B09C3E11DA2B69600E76783 /* LaunchScreen.storyboard */; };
		1B09C3EE1DA2B69600E76783 /* ios_0916_generic_extensionsTests.swift in Sources */ = {isa = PBXBuildFile; fileRef = 1B09C3ED1DA2B69600E76783 /* ios_0916_generic_extensionsTests.swift */; };
		1B09C3F91DA2B69600E76783 /* ios_0916_generic_extensionsUITests.swift in Sources */ = {isa = PBXBuildFile; fileRef = 1B09C3F81DA2B69600E76783 /* ios_0916_generic_extensionsUITests.swift */; };
/* End PBXBuildFile section */

/* Begin PBXContainerItemProxy section */
		1B09C3EA1DA2B69600E76783 /* PBXContainerItemProxy */ = {
			isa = PBXContainerItemProxy;
			containerPortal = 1B09C3CD1DA2B69600E76783 /* Project object */;
			proxyType = 1;
			remoteGlobalIDString = 1B09C3D41DA2B69600E76783;
			remoteInfo = "ios-0916-generic-extensions";
		};
		1B09C3F51DA2B69600E76783 /* PBXContainerItemProxy */ = {
			isa = PBXContainerItemProxy;
			containerPortal = 1B09C3CD1DA2B69600E76783 /* Project object */;
			proxyType = 1;
			remoteGlobalIDString = 1B09C3D41DA2B69600E76783;
			remoteInfo = "ios-0916-generic-extensions";
		};
/* End PBXContainerItemProxy section */

/* Begin PBXFileReference section */
		1B09C3D51DA2B69600E76783 /* ios-0916-generic-extensions.app */ = {isa = PBXFileReference; explicitFileType = wrapper.application; includeInIndex = 0; path = "ios-0916-generic-extensions.app"; sourceTree = BUILT_PRODUCTS_DIR; };
		1B09C3D81DA2B69600E76783 /* AppDelegate.swift */ = {isa = PBXFileReference; lastKnownFileType = sourcecode.swift; path = AppDelegate.swift; sourceTree = "<group>"; };
		1B09C3DA1DA2B69600E76783 /* ViewController.swift */ = {isa = PBXFileReference; lastKnownFileType = sourcecode.swift; path = ViewController.swift; sourceTree = "<group>"; };
		1B09C3DD1DA2B69600E76783 /* Base */ = {isa = PBXFileReference; lastKnownFileType = file.storyboard; name = Base; path = Base.lproj/Main.storyboard; sourceTree = "<group>"; };
		1B09C3DF1DA2B69600E76783 /* Assets.xcassets */ = {isa = PBXFileReference; lastKnownFileType = folder.assetcatalog; path = Assets.xcassets; sourceTree = "<group>"; };
		1B09C3E21DA2B69600E76783 /* Base */ = {isa = PBXFileReference; lastKnownFileType = file.storyboard; name = Base; path = Base.lproj/LaunchScreen.storyboard; sourceTree = "<group>"; };
		1B09C3E41DA2B69600E76783 /* Info.plist */ = {isa = PBXFileReference; lastKnownFileType = text.plist.xml; path = Info.plist; sourceTree = "<group>"; };
		1B09C3E91DA2B69600E76783 /* ios-0916-generic-extensionsTests.xctest */ = {isa = PBXFileReference; explicitFileType = wrapper.cfbundle; includeInIndex = 0; path = "ios-0916-generic-extensionsTests.xctest"; sourceTree = BUILT_PRODUCTS_DIR; };
		1B09C3ED1DA2B69600E76783 /* ios_0916_generic_extensionsTests.swift */ = {isa = PBXFileReference; lastKnownFileType = sourcecode.swift; path = ios_0916_generic_extensionsTests.swift; sourceTree = "<group>"; };
		1B09C3EF1DA2B69600E76783 /* Info.plist */ = {isa = PBXFileReference; lastKnownFileType = text.plist.xml; path = Info.plist; sourceTree = "<group>"; };
		1B09C3F41DA2B69600E76783 /* ios-0916-generic-extensionsUITests.xctest */ = {isa = PBXFileReference; explicitFileType = wrapper.cfbundle; includeInIndex = 0; path = "ios-0916-generic-extensionsUITests.xctest"; sourceTree = BUILT_PRODUCTS_DIR; };
		1B09C3F81DA2B69600E76783 /* ios_0916_generic_extensionsUITests.swift */ = {isa = PBXFileReference; lastKnownFileType = sourcecode.swift; path = ios_0916_generic_extensionsUITests.swift; sourceTree = "<group>"; };
		1B09C3FA1DA2B69600E76783 /* Info.plist */ = {isa = PBXFileReference; lastKnownFileType = text.plist.xml; path = Info.plist; sourceTree = "<group>"; };
/* End PBXFileReference section */

/* Begin PBXFrameworksBuildPhase section */
		1B09C3D21DA2B69600E76783 /* Frameworks */ = {
			isa = PBXFrameworksBuildPhase;
			buildActionMask = 2147483647;
			files = (
			);
			runOnlyForDeploymentPostprocessing = 0;
		};
		1B09C3E61DA2B69600E76783 /* Frameworks */ = {
			isa = PBXFrameworksBuildPhase;
			buildActionMask = 2147483647;
			files = (
			);
			runOnlyForDeploymentPostprocessing = 0;
		};
		1B09C3F11DA2B69600E76783 /* Frameworks */ = {
			isa = PBXFrameworksBuildPhase;
			buildActionMask = 2147483647;
			files = (
			);
			runOnlyForDeploymentPostprocessing = 0;
		};
/* End PBXFrameworksBuildPhase section */

/* Begin PBXGroup section */
		1B09C3CC1DA2B69600E76783 = {
			isa = PBXGroup;
			children = (
				1B09C3D71DA2B69600E76783 /* ios-0916-generic-extensions */,
				1B09C3EC1DA2B69600E76783 /* ios-0916-generic-extensionsTests */,
				1B09C3F71DA2B69600E76783 /* ios-0916-generic-extensionsUITests */,
				1B09C3D61DA2B69600E76783 /* Products */,
			);
			sourceTree = "<group>";
		};
		1B09C3D61DA2B69600E76783 /* Products */ = {
			isa = PBXGroup;
			children = (
				1B09C3D51DA2B69600E76783 /* ios-0916-generic-extensions.app */,
				1B09C3E91DA2B69600E76783 /* ios-0916-generic-extensionsTests.xctest */,
				1B09C3F41DA2B69600E76783 /* ios-0916-generic-extensionsUITests.xctest */,
			);
			name = Products;
			sourceTree = "<group>";
		};
		1B09C3D71DA2B69600E76783 /* ios-0916-generic-extensions */ = {
			isa = PBXGroup;
			children = (
				1B09C3D81DA2B69600E76783 /* AppDelegate.swift */,
				1B09C3DA1DA2B69600E76783 /* ViewController.swift */,
				1B09C3DC1DA2B69600E76783 /* Main.storyboard */,
				1B09C3DF1DA2B69600E76783 /* Assets.xcassets */,
				1B09C3E11DA2B69600E76783 /* LaunchScreen.storyboard */,
				1B09C3E41DA2B69600E76783 /* Info.plist */,
			);
			path = "ios-0916-generic-extensions";
			sourceTree = "<group>";
		};
		1B09C3EC1DA2B69600E76783 /* ios-0916-generic-extensionsTests */ = {
			isa = PBXGroup;
			children = (
				1B09C3ED1DA2B69600E76783 /* ios_0916_generic_extensionsTests.swift */,
				1B09C3EF1DA2B69600E76783 /* Info.plist */,
			);
			path = "ios-0916-generic-extensionsTests";
			sourceTree = "<group>";
		};
		1B09C3F71DA2B69600E76783 /* ios-0916-generic-extensionsUITests */ = {
			isa = PBXGroup;
			children = (
				1B09C3F81DA2B69600E76783 /* ios_0916_generic_extensionsUITests.swift */,
				1B09C3FA1DA2B69600E76783 /* Info.plist */,
			);
			path = "ios-0916-generic-extensionsUITests";
			sourceTree = "<group>";
		};
/* End PBXGroup section */

/* Begin PBXNativeTarget section */
		1B09C3D41DA2B69600E76783 /* ios-0916-generic-extensions */ = {
			isa = PBXNativeTarget;
			buildConfigurationList = 1B09C3FD1DA2B69600E76783 /* Build configuration list for PBXNativeTarget "ios-0916-generic-extensions" */;
			buildPhases = (
				1B09C3D11DA2B69600E76783 /* Sources */,
				1B09C3D21DA2B69600E76783 /* Frameworks */,
				1B09C3D31DA2B69600E76783 /* Resources */,
			);
			buildRules = (
			);
			dependencies = (
			);
			name = "ios-0916-generic-extensions";
			productName = "ios-0916-generic-extensions";
			productReference = 1B09C3D51DA2B69600E76783 /* ios-0916-generic-extensions.app */;
			productType = "com.apple.product-type.application";
		};
		1B09C3E81DA2B69600E76783 /* ios-0916-generic-extensionsTests */ = {
			isa = PBXNativeTarget;
			buildConfigurationList = 1B09C4001DA2B69600E76783 /* Build configuration list for PBXNativeTarget "ios-0916-generic-extensionsTests" */;
			buildPhases = (
				1B09C3E51DA2B69600E76783 /* Sources */,
				1B09C3E61DA2B69600E76783 /* Frameworks */,
				1B09C3E71DA2B69600E76783 /* Resources */,
			);
			buildRules = (
			);
			dependencies = (
				1B09C3EB1DA2B69600E76783 /* PBXTargetDependency */,
			);
			name = "ios-0916-generic-extensionsTests";
			productName = "ios-0916-generic-extensionsTests";
			productReference = 1B09C3E91DA2B69600E76783 /* ios-0916-generic-extensionsTests.xctest */;
			productType = "com.apple.product-type.bundle.unit-test";
		};
		1B09C3F31DA2B69600E76783 /* ios-0916-generic-extensionsUITests */ = {
			isa = PBXNativeTarget;
			buildConfigurationList = 1B09C4031DA2B69600E76783 /* Build configuration list for PBXNativeTarget "ios-0916-generic-extensionsUITests" */;
			buildPhases = (
				1B09C3F01DA2B69600E76783 /* Sources */,
				1B09C3F11DA2B69600E76783 /* Frameworks */,
				1B09C3F21DA2B69600E76783 /* Resources */,
			);
			buildRules = (
			);
			dependencies = (
				1B09C3F61DA2B69600E76783 /* PBXTargetDependency */,
			);
			name = "ios-0916-generic-extensionsUITests";
			productName = "ios-0916-generic-extensionsUITests";
			productReference = 1B09C3F41DA2B69600E76783 /* ios-0916-generic-extensionsUITests.xctest */;
			productType = "com.apple.product-type.bundle.ui-testing";
		};
/* End PBXNativeTarget section */

/* Begin PBXProject section */
		1B09C3CD1DA2B69600E76783 /* Project object */ = {
			isa = PBXProject;
			attributes = {
				LastSwiftUpdateCheck = 0810;
				LastUpgradeCheck = 0810;
				ORGANIZATIONNAME = "Flatiron School";
				TargetAttributes = {
					1B09C3D41DA2B69600E76783 = {
						CreatedOnToolsVersion = 8.1;
						ProvisioningStyle = Automatic;
					};
					1B09C3E81DA2B69600E76783 = {
						CreatedOnToolsVersion = 8.1;
						ProvisioningStyle = Automatic;
						TestTargetID = 1B09C3D41DA2B69600E76783;
					};
					1B09C3F31DA2B69600E76783 = {
						CreatedOnToolsVersion = 8.1;
						ProvisioningStyle = Automatic;
						TestTargetID = 1B09C3D41DA2B69600E76783;
					};
				};
			};
			buildConfigurationList = 1B09C3D01DA2B69600E76783 /* Build configuration list for PBXProject "ios-0916-generic-extensions" */;
			compatibilityVersion = "Xcode 3.2";
			developmentRegion = English;
			hasScannedForEncodings = 0;
			knownRegions = (
				en,
				Base,
			);
			mainGroup = 1B09C3CC1DA2B69600E76783;
			productRefGroup = 1B09C3D61DA2B69600E76783 /* Products */;
			projectDirPath = "";
			projectRoot = "";
			targets = (
				1B09C3D41DA2B69600E76783 /* ios-0916-generic-extensions */,
				1B09C3E81DA2B69600E76783 /* ios-0916-generic-extensionsTests */,
				1B09C3F31DA2B69600E76783 /* ios-0916-generic-extensionsUITests */,
			);
		};
/* End PBXProject section */

/* Begin PBXResourcesBuildPhase section */
		1B09C3D31DA2B69600E76783 /* Resources */ = {
			isa = PBXResourcesBuildPhase;
			buildActionMask = 2147483647;
			files = (
				1B09C3E31DA2B69600E76783 /* LaunchScreen.storyboard in Resources */,
				1B09C3E01DA2B69600E76783 /* Assets.xcassets in Resources */,
				1B09C3DE1DA2B69600E76783 /* Main.storyboard in Resources */,
			);
			runOnlyForDeploymentPostprocessing = 0;
		};
		1B09C3E71DA2B69600E76783 /* Resources */ = {
			isa = PBXResourcesBuildPhase;
			buildActionMask = 2147483647;
			files = (
			);
			runOnlyForDeploymentPostprocessing = 0;
		};
		1B09C3F21DA2B69600E76783 /* Resources */ = {
			isa = PBXResourcesBuildPhase;
			buildActionMask = 2147483647;
			files = (
			);
			runOnlyForDeploymentPostprocessing = 0;
		};
/* End PBXResourcesBuildPhase section */

/* Begin PBXSourcesBuildPhase section */
		1B09C3D11DA2B69600E76783 /* Sources */ = {
			isa = PBXSourcesBuildPhase;
			buildActionMask = 2147483647;
			files = (
				1B09C3DB1DA2B69600E76783 /* ViewController.swift in Sources */,
				1B09C3D91DA2B69600E76783 /* AppDelegate.swift in Sources */,
			);
			runOnlyForDeploymentPostprocessing = 0;
		};
		1B09C3E51DA2B69600E76783 /* Sources */ = {
			isa = PBXSourcesBuildPhase;
			buildActionMask = 2147483647;
			files = (
				1B09C3EE1DA2B69600E76783 /* ios_0916_generic_extensionsTests.swift in Sources */,
			);
			runOnlyForDeploymentPostprocessing = 0;
		};
		1B09C3F01DA2B69600E76783 /* Sources */ = {
			isa = PBXSourcesBuildPhase;
			buildActionMask = 2147483647;
			files = (
				1B09C3F91DA2B69600E76783 /* ios_0916_generic_extensionsUITests.swift in Sources */,
			);
			runOnlyForDeploymentPostprocessing = 0;
		};
/* End PBXSourcesBuildPhase section */

/* Begin PBXTargetDependency section */
		1B09C3EB1DA2B69600E76783 /* PBXTargetDependency */ = {
			isa = PBXTargetDependency;
			target = 1B09C3D41DA2B69600E76783 /* ios-0916-generic-extensions */;
			targetProxy = 1B09C3EA1DA2B69600E76783 /* PBXContainerItemProxy */;
		};
		1B09C3F61DA2B69600E76783 /* PBXTargetDependency */ = {
			isa = PBXTargetDependency;
			target = 1B09C3D41DA2B69600E76783 /* ios-0916-generic-extensions */;
			targetProxy = 1B09C3F51DA2B69600E76783 /* PBXContainerItemProxy */;
		};
/* End PBXTargetDependency section */

/* Begin PBXVariantGroup section */
		1B09C3DC1DA2B69600E76783 /* Main.storyboard */ = {
			isa = PBXVariantGroup;
			children = (
				1B09C3DD1DA2B69600E76783 /* Base */,
			);
			name = Main.storyboard;
			sourceTree = "<group>";
		};
		1B09C3E11DA2B69600E76783 /* LaunchScreen.storyboard */ = {
			isa = PBXVariantGroup;
			children = (
				1B09C3E21DA2B69600E76783 /* Base */,
			);
			name = LaunchScreen.storyboard;
			sourceTree = "<group>";
		};
/* End PBXVariantGroup section */

/* Begin XCBuildConfiguration section */
		1B09C3FB1DA2B69600E76783 /* Debug */ = {
			isa = XCBuildConfiguration;
			buildSettings = {
				ALWAYS_SEARCH_USER_PATHS = NO;
				CLANG_ANALYZER_NONNULL = YES;
				CLANG_CXX_LANGUAGE_STANDARD = "gnu++0x";
				CLANG_CXX_LIBRARY = "libc++";
				CLANG_ENABLE_MODULES = YES;
				CLANG_ENABLE_OBJC_ARC = YES;
				CLANG_WARN_BOOL_CONVERSION = YES;
				CLANG_WARN_CONSTANT_CONVERSION = YES;
				CLANG_WARN_DIRECT_OBJC_ISA_USAGE = YES_ERROR;
				CLANG_WARN_DOCUMENTATION_COMMENTS = YES;
				CLANG_WARN_EMPTY_BODY = YES;
				CLANG_WARN_ENUM_CONVERSION = YES;
				CLANG_WARN_INFINITE_RECURSION = YES;
				CLANG_WARN_INT_CONVERSION = YES;
				CLANG_WARN_OBJC_ROOT_CLASS = YES_ERROR;
				CLANG_WARN_SUSPICIOUS_MOVES = YES;
				CLANG_WARN_UNREACHABLE_CODE = YES;
				CLANG_WARN__DUPLICATE_METHOD_MATCH = YES;
				"CODE_SIGN_IDENTITY[sdk=iphoneos*]" = "iPhone Developer";
				COPY_PHASE_STRIP = NO;
				DEBUG_INFORMATION_FORMAT = dwarf;
				ENABLE_STRICT_OBJC_MSGSEND = YES;
				ENABLE_TESTABILITY = YES;
				GCC_C_LANGUAGE_STANDARD = gnu99;
				GCC_DYNAMIC_NO_PIC = NO;
				GCC_NO_COMMON_BLOCKS = YES;
				GCC_OPTIMIZATION_LEVEL = 0;
				GCC_PREPROCESSOR_DEFINITIONS = (
					"DEBUG=1",
					"$(inherited)",
				);
				GCC_WARN_64_TO_32_BIT_CONVERSION = YES;
				GCC_WARN_ABOUT_RETURN_TYPE = YES_ERROR;
				GCC_WARN_UNDECLARED_SELECTOR = YES;
				GCC_WARN_UNINITIALIZED_AUTOS = YES_AGGRESSIVE;
				GCC_WARN_UNUSED_FUNCTION = YES;
				GCC_WARN_UNUSED_VARIABLE = YES;
				IPHONEOS_DEPLOYMENT_TARGET = 10.1;
				MTL_ENABLE_DEBUG_INFO = YES;
				ONLY_ACTIVE_ARCH = YES;
				SDKROOT = iphoneos;
				SWIFT_ACTIVE_COMPILATION_CONDITIONS = DEBUG;
				SWIFT_OPTIMIZATION_LEVEL = "-Onone";
				TARGETED_DEVICE_FAMILY = "1,2";
			};
			name = Debug;
		};
		1B09C3FC1DA2B69600E76783 /* Release */ = {
			isa = XCBuildConfiguration;
			buildSettings = {
				ALWAYS_SEARCH_USER_PATHS = NO;
				CLANG_ANALYZER_NONNULL = YES;
				CLANG_CXX_LANGUAGE_STANDARD = "gnu++0x";
				CLANG_CXX_LIBRARY = "libc++";
				CLANG_ENABLE_MODULES = YES;
				CLANG_ENABLE_OBJC_ARC = YES;
				CLANG_WARN_BOOL_CONVERSION = YES;
				CLANG_WARN_CONSTANT_CONVERSION = YES;
				CLANG_WARN_DIRECT_OBJC_ISA_USAGE = YES_ERROR;
				CLANG_WARN_DOCUMENTATION_COMMENTS = YES;
				CLANG_WARN_EMPTY_BODY = YES;
				CLANG_WARN_ENUM_CONVERSION = YES;
				CLANG_WARN_INFINITE_RECURSION = YES;
				CLANG_WARN_INT_CONVERSION = YES;
				CLANG_WARN_OBJC_ROOT_CLASS = YES_ERROR;
				CLANG_WARN_SUSPICIOUS_MOVES = YES;
				CLANG_WARN_UNREACHABLE_CODE = YES;
				CLANG_WARN__DUPLICATE_METHOD_MATCH = YES;
				"CODE_SIGN_IDENTITY[sdk=iphoneos*]" = "iPhone Developer";
				COPY_PHASE_STRIP = NO;
				DEBUG_INFORMATION_FORMAT = "dwarf-with-dsym";
				ENABLE_NS_ASSERTIONS = NO;
				ENABLE_STRICT_OBJC_MSGSEND = YES;
				GCC_C_LANGUAGE_STANDARD = gnu99;
				GCC_NO_COMMON_BLOCKS = YES;
				GCC_WARN_64_TO_32_BIT_CONVERSION = YES;
				GCC_WARN_ABOUT_RETURN_TYPE = YES_ERROR;
				GCC_WARN_UNDECLARED_SELECTOR = YES;
				GCC_WARN_UNINITIALIZED_AUTOS = YES_AGGRESSIVE;
				GCC_WARN_UNUSED_FUNCTION = YES;
				GCC_WARN_UNUSED_VARIABLE = YES;
				IPHONEOS_DEPLOYMENT_TARGET = 10.1;
				MTL_ENABLE_DEBUG_INFO = NO;
				SDKROOT = iphoneos;
				SWIFT_OPTIMIZATION_LEVEL = "-Owholemodule";
				TARGETED_DEVICE_FAMILY = "1,2";
				VALIDATE_PRODUCT = YES;
			};
			name = Release;
		};
		1B09C3FE1DA2B69600E76783 /* Debug */ = {
			isa = XCBuildConfiguration;
			buildSettings = {
				ASSETCATALOG_COMPILER_APPICON_NAME = AppIcon;
				INFOPLIST_FILE = "ios-0916-generic-extensions/Info.plist";
				LD_RUNPATH_SEARCH_PATHS = "$(inherited) @executable_path/Frameworks";
				PRODUCT_BUNDLE_IDENTIFIER = "flatironschool.ios-0916-generic-extensions";
				PRODUCT_NAME = "$(TARGET_NAME)";
				SWIFT_VERSION = 3.0;
			};
			name = Debug;
		};
		1B09C3FF1DA2B69600E76783 /* Release */ = {
			isa = XCBuildConfiguration;
			buildSettings = {
				ASSETCATALOG_COMPILER_APPICON_NAME = AppIcon;
				INFOPLIST_FILE = "ios-0916-generic-extensions/Info.plist";
				LD_RUNPATH_SEARCH_PATHS = "$(inherited) @executable_path/Frameworks";
				PRODUCT_BUNDLE_IDENTIFIER = "flatironschool.ios-0916-generic-extensions";
				PRODUCT_NAME = "$(TARGET_NAME)";
				SWIFT_VERSION = 3.0;
			};
			name = Release;
		};
		1B09C4011DA2B69600E76783 /* Debug */ = {
			isa = XCBuildConfiguration;
			buildSettings = {
				ALWAYS_EMBED_SWIFT_STANDARD_LIBRARIES = YES;
				BUNDLE_LOADER = "$(TEST_HOST)";
				INFOPLIST_FILE = "ios-0916-generic-extensionsTests/Info.plist";
				LD_RUNPATH_SEARCH_PATHS = "$(inherited) @executable_path/Frameworks @loader_path/Frameworks";
				PRODUCT_BUNDLE_IDENTIFIER = "flatironschool.ios-0916-generic-extensionsTests";
				PRODUCT_NAME = "$(TARGET_NAME)";
				SWIFT_VERSION = 3.0;
				TEST_HOST = "$(BUILT_PRODUCTS_DIR)/ios-0916-generic-extensions.app/ios-0916-generic-extensions";
			};
			name = Debug;
		};
		1B09C4021DA2B69600E76783 /* Release */ = {
			isa = XCBuildConfiguration;
			buildSettings = {
				ALWAYS_EMBED_SWIFT_STANDARD_LIBRARIES = YES;
				BUNDLE_LOADER = "$(TEST_HOST)";
				INFOPLIST_FILE = "ios-0916-generic-extensionsTests/Info.plist";
				LD_RUNPATH_SEARCH_PATHS = "$(inherited) @executable_path/Frameworks @loader_path/Frameworks";
				PRODUCT_BUNDLE_IDENTIFIER = "flatironschool.ios-0916-generic-extensionsTests";
				PRODUCT_NAME = "$(TARGET_NAME)";
				SWIFT_VERSION = 3.0;
				TEST_HOST = "$(BUILT_PRODUCTS_DIR)/ios-0916-generic-extensions.app/ios-0916-generic-extensions";
			};
			name = Release;
		};
		1B09C4041DA2B69600E76783 /* Debug */ = {
			isa = XCBuildConfiguration;
			buildSettings = {
				ALWAYS_EMBED_SWIFT_STANDARD_LIBRARIES = YES;
				INFOPLIST_FILE = "ios-0916-generic-extensionsUITests/Info.plist";
				LD_RUNPATH_SEARCH_PATHS = "$(inherited) @executable_path/Frameworks @loader_path/Frameworks";
				PRODUCT_BUNDLE_IDENTIFIER = "flatironschool.ios-0916-generic-extensionsUITests";
				PRODUCT_NAME = "$(TARGET_NAME)";
				SWIFT_VERSION = 3.0;
				TEST_TARGET_NAME = "ios-0916-generic-extensions";
			};
			name = Debug;
		};
		1B09C4051DA2B69600E76783 /* Release */ = {
			isa = XCBuildConfiguration;
			buildSettings = {
				ALWAYS_EMBED_SWIFT_STANDARD_LIBRARIES = YES;
				INFOPLIST_FILE = "ios-0916-generic-extensionsUITests/Info.plist";
				LD_RUNPATH_SEARCH_PATHS = "$(inherited) @executable_path/Frameworks @loader_path/Frameworks";
				PRODUCT_BUNDLE_IDENTIFIER = "flatironschool.ios-0916-generic-extensionsUITests";
				PRODUCT_NAME = "$(TARGET_NAME)";
				SWIFT_VERSION = 3.0;
				TEST_TARGET_NAME = "ios-0916-generic-extensions";
			};
			name = Release;
		};
/* End XCBuildConfiguration section */

/* Begin XCConfigurationList section */
		1B09C3D01DA2B69600E76783 /* Build configuration list for PBXProject "ios-0916-generic-extensions" */ = {
			isa = XCConfigurationList;
			buildConfigurations = (
				1B09C3FB1DA2B69600E76783 /* Debug */,
				1B09C3FC1DA2B69600E76783 /* Release */,
			);
			defaultConfigurationIsVisible = 0;
			defaultConfigurationName = Release;
		};
		1B09C3FD1DA2B69600E76783 /* Build configuration list for PBXNativeTarget "ios-0916-generic-extensions" */ = {
			isa = XCConfigurationList;
			buildConfigurations = (
				1B09C3FE1DA2B69600E76783 /* Debug */,
				1B09C3FF1DA2B69600E76783 /* Release */,
			);
			defaultConfigurationIsVisible = 0;
		};
		1B09C4001DA2B69600E76783 /* Build configuration list for PBXNativeTarget "ios-0916-generic-extensionsTests" */ = {
			isa = XCConfigurationList;
			buildConfigurations = (
				1B09C4011DA2B69600E76783 /* Debug */,
				1B09C4021DA2B69600E76783 /* Release */,
			);
			defaultConfigurationIsVisible = 0;
		};
		1B09C4031DA2B69600E76783 /* Build configuration list for PBXNativeTarget "ios-0916-generic-extensionsUITests" */ = {
			isa = XCConfigurationList;
			buildConfigurations = (
				1B09C4041DA2B69600E76783 /* Debug */,
				1B09C4051DA2B69600E76783 /* Release */,
			);
			defaultConfigurationIsVisible = 0;
		};
/* End XCConfigurationList section */
	};
	rootObject = 1B09C3CD1DA2B69600E76783 /* Project object */;
}
